
Microsoft Visual Studio Solution File, Format Version 12.00
# Visual Studio 15
VisualStudioVersion = 15.0.28010.2003
MinimumVisualStudioVersion = 10.0.40219.1
Project("{FAE04EC0-301F-11D3-BF4B-00C04F79EFBC}") = "PrimeiroMapeamentoObjetoRelaional", "PrimeiroMapeamentoObjetoRelaional\PrimeiroMapeamentoObjetoRelaional.csproj", "{3393F6A6-40E8-477C-B8AF-955F74D3A83E}"
EndProject
Global
	GlobalSection(SolutionConfigurationPlatforms) = preSolution
		Debug|Any CPU = Debug|Any CPU
		Release|Any CPU = Release|Any CPU
	EndGlobalSection
	GlobalSection(ProjectConfigurationPlatforms) = postSolution
		{3393F6A6-40E8-477C-B8AF-955F74D3A83E}.Debug|Any CPU.ActiveCfg = Debug|Any CPU
		{3393F6A6-40E8-477C-B8AF-955F74D3A83E}.Debug|Any CPU.Build.0 = Debug|Any CPU
		{3393F6A6-40E8-477C-B8AF-955F74D3A83E}.Release|Any CPU.ActiveCfg = Release|Any CPU
		{3393F6A6-40E8-477C-B8AF-955F74D3A83E}.Release|Any CPU.Build.0 = Release|Any CPU
	EndGlobalSection
	GlobalSection(SolutionProperties) = preSolution
		HideSolutionNode = FALSE
	EndGlobalSection
	GlobalSection(ExtensibilityGlobals) = postSolution
		SolutionGuid = {FFC69FF4-0D8B-4359-9F08-342DE93A4809}
	EndGlobalSection
EndGlobal
